
Microsoft Visual Studio Solution File, Format Version 12.00
Project("{FAE04EC0-301F-11D3-BF4B-00C04F79EFBC}") = "ForumCSharpAssignment", "ForumCSharpAssignment\ForumCSharpAssignment.csproj", "{94A34502-D3F3-4FBA-999E-0E9593A9BEC1}"
EndProject
Project("{2150E333-8FDC-42A3-9474-1A3956D46DE8}") = "Server", "Server", "{D54EF3F3-FE9C-46DA-8DCC-C3659E66BD10}"
EndProject
Project("{FAE04EC0-301F-11D3-BF4B-00C04F79EFBC}") = "Entities", "Entities\Entities.csproj", "{93F2AF68-0E1B-4E50-B4A5-6C7FC911D40C}"
EndProject
Project("{FAE04EC0-301F-11D3-BF4B-00C04F79EFBC}") = "RepositoryContracts", "Server\RepositoryContracts\RepositoryContracts.csproj", "{EA87498D-815C-453A-B974-B29DF1EADCFA}"
EndProject
Project("{FAE04EC0-301F-11D3-BF4B-00C04F79EFBC}") = "InMemoryRepositories", "Server\InMemoryRepositories\InMemoryRepositories.csproj", "{4861007B-46EB-4C51-A010-E1C6091B9CC1}"
EndProject
Project("{FAE04EC0-301F-11D3-BF4B-00C04F79EFBC}") = "CLI", "Server\CLI\CLI.csproj", "{BC024629-39A5-42D6-807A-1CD805216704}"
EndProject
Project("{FAE04EC0-301F-11D3-BF4B-00C04F79EFBC}") = "FileRepositories", "Server\FileRepositories\FileRepositories.csproj", "{FCD0DD6C-34E8-4920-B8D4-316B582695CF}"
EndProject
Project("{2150E333-8FDC-42A3-9474-1A3956D46DE8}") = "Shared", "Shared", "{E764746A-CB2A-4269-AE88-72DE8C9D0B57}"
EndProject
Project("{FAE04EC0-301F-11D3-BF4B-00C04F79EFBC}") = "ApiContracts", "ApiContracts\ApiContracts.csproj", "{9692E3DA-7EB9-4D70-9A4F-38DD2F17387E}"
EndProject
Project("{FAE04EC0-301F-11D3-BF4B-00C04F79EFBC}") = "WebAPI", "Server\WebAPI\WebAPI.csproj", "{0DE750B4-218F-43C4-AE4E-06D6EDA0BE7C}"
EndProject
Global
	GlobalSection(SolutionConfigurationPlatforms) = preSolution
		Debug|Any CPU = Debug|Any CPU
		Release|Any CPU = Release|Any CPU
	EndGlobalSection
	GlobalSection(ProjectConfigurationPlatforms) = postSolution
		{94A34502-D3F3-4FBA-999E-0E9593A9BEC1}.Debug|Any CPU.ActiveCfg = Debug|Any CPU
		{94A34502-D3F3-4FBA-999E-0E9593A9BEC1}.Debug|Any CPU.Build.0 = Debug|Any CPU
		{94A34502-D3F3-4FBA-999E-0E9593A9BEC1}.Release|Any CPU.ActiveCfg = Release|Any CPU
		{94A34502-D3F3-4FBA-999E-0E9593A9BEC1}.Release|Any CPU.Build.0 = Release|Any CPU
		{93F2AF68-0E1B-4E50-B4A5-6C7FC911D40C}.Debug|Any CPU.ActiveCfg = Debug|Any CPU
		{93F2AF68-0E1B-4E50-B4A5-6C7FC911D40C}.Debug|Any CPU.Build.0 = Debug|Any CPU
		{93F2AF68-0E1B-4E50-B4A5-6C7FC911D40C}.Release|Any CPU.ActiveCfg = Release|Any CPU
		{93F2AF68-0E1B-4E50-B4A5-6C7FC911D40C}.Release|Any CPU.Build.0 = Release|Any CPU
		{EA87498D-815C-453A-B974-B29DF1EADCFA}.Debug|Any CPU.ActiveCfg = Debug|Any CPU
		{EA87498D-815C-453A-B974-B29DF1EADCFA}.Debug|Any CPU.Build.0 = Debug|Any CPU
		{EA87498D-815C-453A-B974-B29DF1EADCFA}.Release|Any CPU.ActiveCfg = Release|Any CPU
		{EA87498D-815C-453A-B974-B29DF1EADCFA}.Release|Any CPU.Build.0 = Release|Any CPU
		{4861007B-46EB-4C51-A010-E1C6091B9CC1}.Debug|Any CPU.ActiveCfg = Debug|Any CPU
		{4861007B-46EB-4C51-A010-E1C6091B9CC1}.Debug|Any CPU.Build.0 = Debug|Any CPU
		{4861007B-46EB-4C51-A010-E1C6091B9CC1}.Release|Any CPU.ActiveCfg = Release|Any CPU
		{4861007B-46EB-4C51-A010-E1C6091B9CC1}.Release|Any CPU.Build.0 = Release|Any CPU
		{BC024629-39A5-42D6-807A-1CD805216704}.Debug|Any CPU.ActiveCfg = Debug|Any CPU
		{BC024629-39A5-42D6-807A-1CD805216704}.Debug|Any CPU.Build.0 = Debug|Any CPU
		{BC024629-39A5-42D6-807A-1CD805216704}.Release|Any CPU.ActiveCfg = Release|Any CPU
		{BC024629-39A5-42D6-807A-1CD805216704}.Release|Any CPU.Build.0 = Release|Any CPU
		{FCD0DD6C-34E8-4920-B8D4-316B582695CF}.Debug|Any CPU.ActiveCfg = Debug|Any CPU
		{FCD0DD6C-34E8-4920-B8D4-316B582695CF}.Debug|Any CPU.Build.0 = Debug|Any CPU
		{FCD0DD6C-34E8-4920-B8D4-316B582695CF}.Release|Any CPU.ActiveCfg = Release|Any CPU
		{FCD0DD6C-34E8-4920-B8D4-316B582695CF}.Release|Any CPU.Build.0 = Release|Any CPU
		{9692E3DA-7EB9-4D70-9A4F-38DD2F17387E}.Debug|Any CPU.ActiveCfg = Debug|Any CPU
		{9692E3DA-7EB9-4D70-9A4F-38DD2F17387E}.Debug|Any CPU.Build.0 = Debug|Any CPU
		{9692E3DA-7EB9-4D70-9A4F-38DD2F17387E}.Release|Any CPU.ActiveCfg = Release|Any CPU
		{9692E3DA-7EB9-4D70-9A4F-38DD2F17387E}.Release|Any CPU.Build.0 = Release|Any CPU
		{0DE750B4-218F-43C4-AE4E-06D6EDA0BE7C}.Debug|Any CPU.ActiveCfg = Debug|Any CPU
		{0DE750B4-218F-43C4-AE4E-06D6EDA0BE7C}.Debug|Any CPU.Build.0 = Debug|Any CPU
		{0DE750B4-218F-43C4-AE4E-06D6EDA0BE7C}.Release|Any CPU.ActiveCfg = Release|Any CPU
		{0DE750B4-218F-43C4-AE4E-06D6EDA0BE7C}.Release|Any CPU.Build.0 = Release|Any CPU
	EndGlobalSection
	GlobalSection(NestedProjects) = preSolution
		{93F2AF68-0E1B-4E50-B4A5-6C7FC911D40C} = {D54EF3F3-FE9C-46DA-8DCC-C3659E66BD10}
		{EA87498D-815C-453A-B974-B29DF1EADCFA} = {D54EF3F3-FE9C-46DA-8DCC-C3659E66BD10}
		{4861007B-46EB-4C51-A010-E1C6091B9CC1} = {D54EF3F3-FE9C-46DA-8DCC-C3659E66BD10}
		{BC024629-39A5-42D6-807A-1CD805216704} = {D54EF3F3-FE9C-46DA-8DCC-C3659E66BD10}
		{FCD0DD6C-34E8-4920-B8D4-316B582695CF} = {D54EF3F3-FE9C-46DA-8DCC-C3659E66BD10}
		{9692E3DA-7EB9-4D70-9A4F-38DD2F17387E} = {E764746A-CB2A-4269-AE88-72DE8C9D0B57}
		{0DE750B4-218F-43C4-AE4E-06D6EDA0BE7C} = {D54EF3F3-FE9C-46DA-8DCC-C3659E66BD10}
	EndGlobalSection
EndGlobal
